version: 6
environments:
  default:
    channels:
    - url: https://conda.anaconda.org/fortiers/
    - url: https://conda.anaconda.org/conda-forge/
    - url: https://conda.anaconda.org/nodefaults/
    packages:
      linux-64:
      - conda: https://conda.anaconda.org/conda-forge/linux-64/_libgcc_mutex-0.1-conda_forge.tar.bz2
      - conda: https://conda.anaconda.org/conda-forge/linux-64/_openmp_mutex-4.5-2_gnu.tar.bz2
      - conda: https://conda.anaconda.org/conda-forge/linux-64/bzip2-1.0.8-h4bc722e_7.conda
      - conda: https://conda.anaconda.org/conda-forge/noarch/ca-certificates-2025.1.31-hbd8a1cb_1.conda
      - conda: https://conda.anaconda.org/conda-forge/linux-64/ld_impl_linux-64-2.43-h712a8e2_4.conda
      - conda: https://conda.anaconda.org/conda-forge/linux-64/libblas-3.9.0-31_h59b9bed_openblas.conda
      - conda: https://conda.anaconda.org/conda-forge/linux-64/libcblas-3.9.0-31_he106b2a_openblas.conda
      - conda: https://conda.anaconda.org/conda-forge/linux-64/libffi-3.4.6-h2dba641_1.conda
      - conda: https://conda.anaconda.org/conda-forge/linux-64/libgcc-14.2.0-h767d61c_2.conda
      - conda: https://conda.anaconda.org/conda-forge/linux-64/libgcc-ng-14.2.0-h69a702a_2.conda
      - conda: https://conda.anaconda.org/conda-forge/linux-64/libgfortran-14.2.0-h69a702a_2.conda
      - conda: https://conda.anaconda.org/conda-forge/linux-64/libgfortran5-14.2.0-hf1ad2bd_2.conda
      - conda: https://conda.anaconda.org/conda-forge/linux-64/libgomp-14.2.0-h767d61c_2.conda
      - conda: https://conda.anaconda.org/conda-forge/linux-64/liblapack-3.9.0-31_h7ac8fdf_openblas.conda
      - conda: https://conda.anaconda.org/conda-forge/linux-64/liblzma-5.8.1-hb9d3cd8_0.conda
      - conda: https://conda.anaconda.org/conda-forge/linux-64/liblzma-devel-5.8.1-hb9d3cd8_0.conda
      - conda: https://conda.anaconda.org/conda-forge/linux-64/libnsl-2.0.1-hd590300_0.conda
      - conda: https://conda.anaconda.org/conda-forge/linux-64/libopenblas-0.3.29-pthreads_h94d23a6_0.conda
      - conda: https://conda.anaconda.org/conda-forge/linux-64/libsqlite-3.49.1-hee588c1_2.conda
      - conda: https://conda.anaconda.org/conda-forge/linux-64/libstdcxx-14.2.0-h8f9b012_2.conda
      - conda: https://conda.anaconda.org/conda-forge/linux-64/libuuid-2.38.1-h0b41bf4_0.conda
      - conda: https://conda.anaconda.org/conda-forge/linux-64/libzlib-1.3.1-hb9d3cd8_2.conda
      - conda: https://conda.anaconda.org/conda-forge/linux-64/ncurses-6.5-h2d0b736_3.conda
      - conda: https://conda.anaconda.org/conda-forge/linux-64/numpy-2.2.5-py310hefbff90_0.conda
      - conda: https://conda.anaconda.org/conda-forge/linux-64/openssl-3.5.0-h7b32b05_0.conda
      - conda: https://conda.anaconda.org/conda-forge/linux-64/python-3.10.12-hd12c33a_0_cpython.conda
      - conda: https://conda.anaconda.org/conda-forge/noarch/python_abi-3.10-7_cp310.conda
      - conda: https://conda.anaconda.org/conda-forge/noarch/pytz-2025.2-pyhd8ed1ab_0.conda
      - conda: https://conda.anaconda.org/conda-forge/linux-64/readline-8.2-h8c095d6_2.conda
      - conda: https://conda.anaconda.org/conda-forge/linux-64/scipy-1.15.2-py310h1d65ade_0.conda
      - conda: https://conda.anaconda.org/conda-forge/noarch/setuptools-79.0.0-pyhff2d567_0.conda
      - conda: https://conda.anaconda.org/conda-forge/linux-64/tk-8.6.13-noxft_h4845f30_101.conda
      - conda: https://conda.anaconda.org/conda-forge/noarch/tzdata-2025b-h78e105d_0.conda
      - conda: https://conda.anaconda.org/conda-forge/linux-64/xz-5.8.1-hbcc6ac9_0.conda
      - conda: https://conda.anaconda.org/conda-forge/linux-64/xz-gpl-tools-5.8.1-hbcc6ac9_0.conda
      - conda: https://conda.anaconda.org/conda-forge/linux-64/xz-tools-5.8.1-hb9d3cd8_0.conda
  dev:
    channels:
    - url: https://conda.anaconda.org/fortiers/
    - url: https://conda.anaconda.org/conda-forge/
    - url: https://conda.anaconda.org/nodefaults/
    packages:
      linux-64:
      - conda: https://conda.anaconda.org/conda-forge/linux-64/_libgcc_mutex-0.1-conda_forge.tar.bz2
      - conda: https://conda.anaconda.org/conda-forge/linux-64/_openmp_mutex-4.5-2_gnu.tar.bz2
      - conda: https://conda.anaconda.org/conda-forge/linux-64/attr-2.5.1-h166bdaf_1.tar.bz2
      - conda: https://conda.anaconda.org/conda-forge/linux-64/bzip2-1.0.8-h4bc722e_7.conda
      - conda: https://conda.anaconda.org/conda-forge/noarch/ca-certificates-2025.1.31-hbd8a1cb_1.conda
      - conda: https://conda.anaconda.org/fortiers/linux-64/eccc_libburpc-1.17-hdcf949b_2.conda
      - conda: https://conda.anaconda.org/fortiers/linux-64/eccc_libezinterpv-20.0.1.1-hdcf949b_2.conda
      - conda: https://conda.anaconda.org/fortiers/linux-64/eccc_librmn-20.0.4-hdcf949b_2.conda
      - conda: https://conda.anaconda.org/fortiers/linux-64/eccc_libtdpack-1.6.3.1-hdcf949b_2.conda
      - conda: https://conda.anaconda.org/fortiers/linux-64/eccc_libvgrid-6.9.3.1-hdcf949b_2.conda
      - conda: https://conda.anaconda.org/conda-forge/noarch/editables-0.5-pyhd8ed1ab_1.conda
      - conda: https://conda.anaconda.org/conda-forge/noarch/hatchling-1.27.0-pypyhd8ed1ab_0.conda
      - conda: https://conda.anaconda.org/conda-forge/noarch/importlib-metadata-8.6.1-pyha770c72_0.conda
      - conda: https://conda.anaconda.org/conda-forge/linux-64/ld_impl_linux-64-2.43-h712a8e2_4.conda
      - conda: https://conda.anaconda.org/conda-forge/linux-64/libblas-3.9.0-31_h59b9bed_openblas.conda
      - conda: https://conda.anaconda.org/conda-forge/linux-64/libcap-2.75-h39aace5_0.conda
      - conda: https://conda.anaconda.org/conda-forge/linux-64/libcblas-3.9.0-31_he106b2a_openblas.conda
      - conda: https://conda.anaconda.org/conda-forge/linux-64/libevent-2.1.12-hf998b51_1.conda
      - conda: https://conda.anaconda.org/conda-forge/linux-64/libfabric-2.1.0-ha770c72_0.conda
      - conda: https://conda.anaconda.org/conda-forge/linux-64/libfabric1-2.1.0-h14e6f36_0.conda
      - conda: https://conda.anaconda.org/conda-forge/linux-64/libffi-3.4.6-h2dba641_1.conda
      - conda: https://conda.anaconda.org/conda-forge/linux-64/libgcc-14.2.0-h767d61c_2.conda
      - conda: https://conda.anaconda.org/conda-forge/linux-64/libgcc-ng-14.2.0-h69a702a_2.conda
      - conda: https://conda.anaconda.org/conda-forge/linux-64/libgcrypt-lib-1.11.0-hb9d3cd8_2.conda
      - conda: https://conda.anaconda.org/conda-forge/linux-64/libgfortran-14.2.0-h69a702a_2.conda
      - conda: https://conda.anaconda.org/conda-forge/linux-64/libgfortran-ng-14.2.0-h69a702a_2.conda
      - conda: https://conda.anaconda.org/conda-forge/linux-64/libgfortran5-14.2.0-hf1ad2bd_2.conda
      - conda: https://conda.anaconda.org/conda-forge/linux-64/libgomp-14.2.0-h767d61c_2.conda
      - conda: https://conda.anaconda.org/conda-forge/linux-64/libgpg-error-1.54-hbd13f7d_0.conda
      - conda: https://conda.anaconda.org/conda-forge/linux-64/libhwloc-2.11.2-default_h0d58e46_1001.conda
      - conda: https://conda.anaconda.org/conda-forge/linux-64/libiconv-1.18-h4ce23a2_1.conda
      - conda: https://conda.anaconda.org/conda-forge/linux-64/liblapack-3.9.0-31_h7ac8fdf_openblas.conda
      - conda: https://conda.anaconda.org/conda-forge/linux-64/liblzma-5.8.1-hb9d3cd8_0.conda
      - conda: https://conda.anaconda.org/conda-forge/linux-64/liblzma-devel-5.8.1-hb9d3cd8_0.conda
      - conda: https://conda.anaconda.org/conda-forge/linux-64/libnl-3.11.0-hb9d3cd8_0.conda
      - conda: https://conda.anaconda.org/conda-forge/linux-64/libnsl-2.0.1-hd590300_0.conda
      - conda: https://conda.anaconda.org/conda-forge/linux-64/libopenblas-0.3.29-pthreads_h94d23a6_0.conda
      - conda: https://conda.anaconda.org/conda-forge/linux-64/libpmix-5.0.7-h658e747_0.conda
      - conda: https://conda.anaconda.org/conda-forge/linux-64/libsqlite-3.49.1-hee588c1_2.conda
      - conda: https://conda.anaconda.org/conda-forge/linux-64/libstdcxx-14.2.0-h8f9b012_2.conda
      - conda: https://conda.anaconda.org/conda-forge/linux-64/libstdcxx-ng-14.2.0-h4852527_2.conda
      - conda: https://conda.anaconda.org/conda-forge/linux-64/libsystemd0-257.4-h4e0b6ca_1.conda
      - conda: https://conda.anaconda.org/conda-forge/linux-64/libudev1-257.4-hbe16f8c_1.conda
      - conda: https://conda.anaconda.org/conda-forge/linux-64/libuuid-2.38.1-h0b41bf4_0.conda
      - conda: https://conda.anaconda.org/conda-forge/linux-64/libxml2-2.13.7-h81593ed_1.conda
      - conda: https://conda.anaconda.org/conda-forge/linux-64/libzlib-1.3.1-hb9d3cd8_2.conda
      - conda: https://conda.anaconda.org/conda-forge/linux-64/lz4-c-1.10.0-h5888daf_1.conda
      - conda: https://conda.anaconda.org/conda-forge/linux-64/mpi-1.0-openmpi.tar.bz2
      - conda: https://conda.anaconda.org/conda-forge/linux-64/ncurses-6.5-h2d0b736_3.conda
      - conda: https://conda.anaconda.org/conda-forge/linux-64/numpy-2.2.5-py310hefbff90_0.conda
      - conda: https://conda.anaconda.org/conda-forge/linux-64/openmpi-5.0.7-hb85ec53_100.conda
      - conda: https://conda.anaconda.org/conda-forge/linux-64/openssl-3.5.0-h7b32b05_0.conda
      - conda: https://conda.anaconda.org/conda-forge/noarch/packaging-25.0-pyh29332c3_1.conda
      - conda: https://conda.anaconda.org/conda-forge/noarch/pathspec-0.12.1-pyhd8ed1ab_1.conda
      - conda: https://conda.anaconda.org/conda-forge/noarch/pluggy-1.5.0-pyhd8ed1ab_1.conda
      - conda: https://conda.anaconda.org/conda-forge/linux-64/python-3.10.12-hd12c33a_0_cpython.conda
      - conda: https://conda.anaconda.org/conda-forge/noarch/python_abi-3.10-7_cp310.conda
      - conda: https://conda.anaconda.org/conda-forge/noarch/pytz-2025.2-pyhd8ed1ab_0.conda
      - conda: https://conda.anaconda.org/conda-forge/linux-64/rdma-core-57.0-h5888daf_0.conda
      - conda: https://conda.anaconda.org/conda-forge/linux-64/readline-8.2-h8c095d6_2.conda
      - conda: https://conda.anaconda.org/conda-forge/linux-64/scipy-1.15.2-py310h1d65ade_0.conda
      - conda: https://conda.anaconda.org/conda-forge/linux-64/setuptools-58.5.3-py310hff52083_0.tar.bz2
      - conda: https://conda.anaconda.org/conda-forge/linux-64/tk-8.6.13-noxft_h4845f30_101.conda
      - conda: https://conda.anaconda.org/conda-forge/noarch/tomli-2.2.1-pyhd8ed1ab_1.conda
      - conda: https://conda.anaconda.org/conda-forge/noarch/trove-classifiers-2025.4.11.15-pyhd8ed1ab_0.conda
      - conda: https://conda.anaconda.org/conda-forge/noarch/tzdata-2025b-h78e105d_0.conda
      - conda: https://conda.anaconda.org/conda-forge/linux-64/ucc-1.3.0-had72a48_5.conda
      - conda: https://conda.anaconda.org/conda-forge/linux-64/ucx-1.18.0-hfd9a62f_3.conda
      - conda: https://conda.anaconda.org/conda-forge/noarch/wheel-0.45.1-pyhd8ed1ab_1.conda
      - conda: https://conda.anaconda.org/conda-forge/linux-64/xz-5.8.1-hbcc6ac9_0.conda
      - conda: https://conda.anaconda.org/conda-forge/linux-64/xz-gpl-tools-5.8.1-hbcc6ac9_0.conda
      - conda: https://conda.anaconda.org/conda-forge/linux-64/xz-tools-5.8.1-hb9d3cd8_0.conda
      - conda: https://conda.anaconda.org/conda-forge/noarch/zipp-3.21.0-pyhd8ed1ab_1.conda
      - conda: https://conda.anaconda.org/conda-forge/linux-64/zstd-1.5.7-hb8e6e7a_2.conda
packages:
- conda: https://conda.anaconda.org/conda-forge/linux-64/_libgcc_mutex-0.1-conda_forge.tar.bz2
  sha256: fe51de6107f9edc7aa4f786a70f4a883943bc9d39b3bb7307c04c41410990726
  md5: d7c89558ba9fa0495403155b64376d81
  license: None
  size: 2562
  timestamp: 1578324546067
- conda: https://conda.anaconda.org/conda-forge/linux-64/_openmp_mutex-4.5-2_gnu.tar.bz2
  build_number: 16
  sha256: fbe2c5e56a653bebb982eda4876a9178aedfc2b545f25d0ce9c4c0b508253d22
  md5: 73aaf86a425cc6e73fcf236a5a46396d
  depends:
  - _libgcc_mutex 0.1 conda_forge
  - libgomp >=7.5.0
  constrains:
  - openmp_impl 9999
  license: BSD-3-Clause
  license_family: BSD
  size: 23621
  timestamp: 1650670423406
- conda: https://conda.anaconda.org/conda-forge/linux-64/attr-2.5.1-h166bdaf_1.tar.bz2
  sha256: 82c13b1772c21fc4a17441734de471d3aabf82b61db9b11f4a1bd04a9c4ac324
  md5: d9c69a24ad678ffce24c6543a0176b00
  depends:
  - libgcc-ng >=12
  license: GPL-2.0-or-later
  license_family: GPL
  size: 71042
  timestamp: 1660065501192
- conda: https://conda.anaconda.org/conda-forge/linux-64/bzip2-1.0.8-h4bc722e_7.conda
  sha256: 5ced96500d945fb286c9c838e54fa759aa04a7129c59800f0846b4335cee770d
  md5: 62ee74e96c5ebb0af99386de58cf9553
  depends:
  - __glibc >=2.17,<3.0.a0
  - libgcc-ng >=12
  license: bzip2-1.0.6
  license_family: BSD
  size: 252783
  timestamp: 1720974456583
- conda: https://conda.anaconda.org/conda-forge/noarch/ca-certificates-2025.1.31-hbd8a1cb_1.conda
  sha256: 43878eddf8eb46e3ba7fcbe77a2f8d00aab9a66d9ff63bc4d072b7af17481197
  md5: e74273d9fc5ab633d613cde474b55157
  depends:
  - __unix
  license: ISC
  size: 158834
  timestamp: 1745260472197
- conda: https://conda.anaconda.org/fortiers/linux-64/eccc_libburpc-1.17-hdcf949b_2.conda
  sha256: 6f448ee6227e41ddfd1b728df5595f6bd3470138a23782a407168605a10b6200
  md5: 80e7994147a954ef064f62b746187dde
  depends:
  - openmpi
  - libgcc-ng >=8.4.0
  - libgfortran5 >=8.4.0
  - libgfortran-ng
  - libgcc-ng >=8.4.0
  - libstdcxx-ng >=8.4.0
  - libgcc-ng >=8.4.0
  license: LGPL-2.1-or-later
  size: 31654
  timestamp: 1745415324470
- conda: https://conda.anaconda.org/fortiers/linux-64/eccc_libezinterpv-20.0.1.1-hdcf949b_2.conda
  sha256: f9ef0ef5af3a6ca18acd583355706e26aaec7704ab3a9ece951c470326f6deb2
  md5: 8e460ee5675e1d10aa538d8f99703f82
  depends:
  - eccc_librmn
  - eccc_libvgrid
  - libgcc-ng >=8.4.0
  - libstdcxx-ng >=8.4.0
  - libgcc-ng >=8.4.0
  - libgfortran5 >=8.4.0
  - libgfortran-ng
  - libgcc-ng >=8.4.0
  license: LGPL-2.1-or-later
  size: 82525
  timestamp: 1745415506027
- conda: https://conda.anaconda.org/fortiers/linux-64/eccc_librmn-20.0.4-hdcf949b_2.conda
  sha256: 15f2b6eaca4c270614dd589f66370dba5439fa2912c35d61b476f1a52dfe21e7
  md5: ac1ed73d3ceafac126fd1a92e7904b2b
  depends:
  - openmpi
  - libstdcxx-ng >=8.4.0
  - libgcc-ng >=8.4.0
  - libgfortran5 >=8.4.0
  - libgfortran-ng
  - libgcc-ng >=8.4.0
  license: LGPL-2.1-or-later
  size: 1582866
  timestamp: 1745415274171
- conda: https://conda.anaconda.org/fortiers/linux-64/eccc_libtdpack-1.6.3.1-hdcf949b_2.conda
  sha256: 0ebba9b0bf46febd272c46ff0b63cfc53df3bb96519df85afae5072af3b5ba86
  md5: 5c2f771aaf6f11af081910ee0959a1e4
  depends:
  - openmpi
  - libstdcxx-ng >=8.4.0
  - libgcc-ng >=8.4.0
  - libgfortran5 >=8.4.0
  - libgfortran-ng
  - libgcc-ng >=8.4.0
  license: LGPL-2.1-or-later
  size: 53590
  timestamp: 1745415391741
- conda: https://conda.anaconda.org/fortiers/linux-64/eccc_libvgrid-6.9.3.1-hdcf949b_2.conda
  sha256: 645b8899cd50abf17d7d4bd39c97c893136306a8aff8a1b6610120188e6ba3ce
  md5: 689afdd959065651e87e30cc78454392
  depends:
  - openmpi
  - eccc_librmn
  - eccc_libtdpack
  - libgfortran5 >=8.4.0
  - libgfortran-ng
  - libgcc-ng >=8.4.0
  - libstdcxx-ng >=8.4.0
  - libgcc-ng >=8.4.0
  license: LGPL-2.1-or-later
  size: 683694
  timestamp: 1745415437189
- conda: https://conda.anaconda.org/conda-forge/noarch/editables-0.5-pyhd8ed1ab_1.conda
  sha256: 8d4f908e670be360617d418c328213bc46e7100154c3742db085148141712f60
  md5: 2cf824fe702d88e641eec9f9f653e170
  depends:
  - python >=3.9
  license: MIT
  license_family: MIT
  size: 10828
  timestamp: 1733208220327
- conda: https://conda.anaconda.org/conda-forge/noarch/hatchling-1.27.0-pypyhd8ed1ab_0.conda
  sha256: e83420f81390535774ac33b83d05249b8993e5376b76b4d461f83a77549e493d
  md5: b85c18ba6e927ae0da3fde426c893cc8
  depends:
  - editables >=0.3
  - importlib-metadata
  - packaging >=21.3
  - pathspec >=0.10.1
  - pluggy >=1.0.0
  - python >=3.7
  - python >=3.8
  - tomli >=1.2.2
  - trove-classifiers
  license: MIT
  license_family: MIT
  size: 56598
  timestamp: 1734311718682
- conda: https://conda.anaconda.org/conda-forge/noarch/importlib-metadata-8.6.1-pyha770c72_0.conda
  sha256: 598951ebdb23e25e4cec4bbff0ae369cec65ead80b50bc08b441d8e54de5cf03
  md5: f4b39bf00c69f56ac01e020ebfac066c
  depends:
  - python >=3.9
  - zipp >=0.5
  license: Apache-2.0
  license_family: APACHE
  size: 29141
  timestamp: 1737420302391
- conda: https://conda.anaconda.org/conda-forge/linux-64/ld_impl_linux-64-2.43-h712a8e2_4.conda
  sha256: db73f38155d901a610b2320525b9dd3b31e4949215c870685fd92ea61b5ce472
  md5: 01f8d123c96816249efd255a31ad7712
  depends:
  - __glibc >=2.17,<3.0.a0
  constrains:
  - binutils_impl_linux-64 2.43
  license: GPL-3.0-only
  license_family: GPL
  size: 671240
  timestamp: 1740155456116
- conda: https://conda.anaconda.org/conda-forge/linux-64/libblas-3.9.0-31_h59b9bed_openblas.conda
  build_number: 31
  sha256: 9839fc4ac0cbb0aa3b9eea520adfb57311838959222654804e58f6f2d1771db5
  md5: 728dbebd0f7a20337218beacffd37916
  depends:
  - libopenblas >=0.3.29,<0.3.30.0a0
  - libopenblas >=0.3.29,<1.0a0
  constrains:
  - liblapacke =3.9.0=31*_openblas
  - liblapack =3.9.0=31*_openblas
  - blas =2.131=openblas
  - mkl <2025
  - libcblas =3.9.0=31*_openblas
  license: BSD-3-Clause
  license_family: BSD
  size: 16859
  timestamp: 1740087969120
- conda: https://conda.anaconda.org/conda-forge/linux-64/libcap-2.75-h39aace5_0.conda
  sha256: 9c84448305e7c9cc44ccec7757cf5afcb5a021f4579aa750a1fa6ea398783950
  md5: c44c16d6976d2aebbd65894d7741e67e
  depends:
  - __glibc >=2.17,<3.0.a0
  - attr >=2.5.1,<2.6.0a0
  - libgcc >=13
  license: BSD-3-Clause
  license_family: BSD
  size: 120375
  timestamp: 1741176638215
- conda: https://conda.anaconda.org/conda-forge/linux-64/libcblas-3.9.0-31_he106b2a_openblas.conda
  build_number: 31
  sha256: ede8545011f5b208b151fe3e883eb4e31d495ab925ab7b9ce394edca846e0c0d
  md5: abb32c727da370c481a1c206f5159ce9
  depends:
  - libblas 3.9.0 31_h59b9bed_openblas
  constrains:
  - liblapacke =3.9.0=31*_openblas
  - liblapack =3.9.0=31*_openblas
  - blas =2.131=openblas
  license: BSD-3-Clause
  license_family: BSD
  size: 16796
  timestamp: 1740087984429
- conda: https://conda.anaconda.org/conda-forge/linux-64/libevent-2.1.12-hf998b51_1.conda
  sha256: 2e14399d81fb348e9d231a82ca4d816bf855206923759b69ad006ba482764131
  md5: a1cfcc585f0c42bf8d5546bb1dfb668d
  depends:
  - libgcc-ng >=12
  - openssl >=3.1.1,<4.0a0
  license: BSD-3-Clause
  license_family: BSD
  size: 427426
  timestamp: 1685725977222
- conda: https://conda.anaconda.org/conda-forge/linux-64/libfabric-2.1.0-ha770c72_0.conda
  sha256: 54edf48d67a5ae08915aa901b578e7b1bb177fb90586da37c70bc31a7cbc1fba
  md5: e76644332d8b1a6cf32daa3969c04a6d
  depends:
  - libfabric1 2.1.0 h14e6f36_0
  license: BSD-2-Clause OR GPL-2.0-only
  license_family: BSD
  size: 13990
  timestamp: 1742239938340
- conda: https://conda.anaconda.org/conda-forge/linux-64/libfabric1-2.1.0-h14e6f36_0.conda
  sha256: c9b8e86b01ad18e9f95e80a22d76bd46fd34cf3ff2b3ff8b3d47ac686bc21391
  md5: 71334aae45fc4c6dcb2c0f1d189dfc37
  depends:
  - __glibc >=2.17,<3.0.a0
  - libgcc >=13
  - libnl >=3.11.0,<4.0a0
  - rdma-core >=55.0
  license: BSD-2-Clause OR GPL-2.0-only
  license_family: BSD
  size: 671727
  timestamp: 1742239937476
- conda: https://conda.anaconda.org/conda-forge/linux-64/libffi-3.4.6-h2dba641_1.conda
  sha256: 764432d32db45466e87f10621db5b74363a9f847d2b8b1f9743746cd160f06ab
  md5: ede4673863426c0883c0063d853bbd85
  depends:
  - __glibc >=2.17,<3.0.a0
  - libgcc >=13
  license: MIT
  license_family: MIT
  size: 57433
  timestamp: 1743434498161
- conda: https://conda.anaconda.org/conda-forge/linux-64/libgcc-14.2.0-h767d61c_2.conda
  sha256: 3a572d031cb86deb541d15c1875aaa097baefc0c580b54dc61f5edab99215792
  md5: ef504d1acbd74b7cc6849ef8af47dd03
  depends:
  - __glibc >=2.17,<3.0.a0
  - _openmp_mutex >=4.5
  constrains:
  - libgomp 14.2.0 h767d61c_2
  - libgcc-ng ==14.2.0=*_2
  license: GPL-3.0-only WITH GCC-exception-3.1
  license_family: GPL
  size: 847885
  timestamp: 1740240653082
- conda: https://conda.anaconda.org/conda-forge/linux-64/libgcc-ng-14.2.0-h69a702a_2.conda
  sha256: fb7558c328b38b2f9d2e412c48da7890e7721ba018d733ebdfea57280df01904
  md5: a2222a6ada71fb478682efe483ce0f92
  depends:
  - libgcc 14.2.0 h767d61c_2
  license: GPL-3.0-only WITH GCC-exception-3.1
  license_family: GPL
  size: 53758
  timestamp: 1740240660904
- conda: https://conda.anaconda.org/conda-forge/linux-64/libgcrypt-lib-1.11.0-hb9d3cd8_2.conda
  sha256: ffc3602f9298da248786f46b00d0594d26a18feeb1b07ce88f3d7d61075e39e6
  md5: e55712ff40a054134d51b89afca57dbc
  depends:
  - __glibc >=2.17,<3.0.a0
  - libgcc >=13
  - libgpg-error >=1.51,<2.0a0
  license: LGPL-2.1-or-later
  size: 586185
  timestamp: 1732523190369
- conda: https://conda.anaconda.org/conda-forge/linux-64/libgfortran-14.2.0-h69a702a_2.conda
  sha256: e05263e8960da03c341650f2a3ffa4ccae4e111cb198e8933a2908125459e5a6
  md5: fb54c4ea68b460c278d26eea89cfbcc3
  depends:
  - libgfortran5 14.2.0 hf1ad2bd_2
  constrains:
  - libgfortran-ng ==14.2.0=*_2
  license: GPL-3.0-only WITH GCC-exception-3.1
  license_family: GPL
  size: 53733
  timestamp: 1740240690977
- conda: https://conda.anaconda.org/conda-forge/linux-64/libgfortran-ng-14.2.0-h69a702a_2.conda
  sha256: 688a5968852e677d2a64974c8869ffb120eac21997ced7d15c599f152ef6857e
  md5: 4056c857af1a99ee50589a941059ec55
  depends:
  - libgfortran 14.2.0 h69a702a_2
  license: GPL-3.0-only WITH GCC-exception-3.1
  license_family: GPL
  size: 53781
  timestamp: 1740240884760
- conda: https://conda.anaconda.org/conda-forge/linux-64/libgfortran5-14.2.0-hf1ad2bd_2.conda
  sha256: c17b7cf3073a1f4e1f34d50872934fa326346e104d3c445abc1e62481ad6085c
  md5: 556a4fdfac7287d349b8f09aba899693
  depends:
  - __glibc >=2.17,<3.0.a0
  - libgcc >=14.2.0
  constrains:
  - libgfortran 14.2.0
  license: GPL-3.0-only WITH GCC-exception-3.1
  license_family: GPL
  size: 1461978
  timestamp: 1740240671964
- conda: https://conda.anaconda.org/conda-forge/linux-64/libgomp-14.2.0-h767d61c_2.conda
  sha256: 1a3130e0b9267e781b89399580f3163632d59fe5b0142900d63052ab1a53490e
  md5: 06d02030237f4d5b3d9a7e7d348fe3c6
  depends:
  - __glibc >=2.17,<3.0.a0
  license: GPL-3.0-only WITH GCC-exception-3.1
  license_family: GPL
  size: 459862
  timestamp: 1740240588123
- conda: https://conda.anaconda.org/conda-forge/linux-64/libgpg-error-1.54-hbd13f7d_0.conda
  sha256: 6800627debbed15421bc211366df399ad8aa80ec9fb749c276e8bf5260ef1ec3
  md5: 53fab32c797ccdb5bb7a4c147ea154d8
  depends:
  - __glibc >=2.17,<3.0.a0
  - libgcc >=13
  - libstdcxx >=13
  license: LGPL-2.1-only
  license_family: GPL
  size: 278645
  timestamp: 1744958967615
- conda: https://conda.anaconda.org/conda-forge/linux-64/libhwloc-2.11.2-default_h0d58e46_1001.conda
  sha256: d14c016482e1409ae1c50109a9ff933460a50940d2682e745ab1c172b5282a69
  md5: 804ca9e91bcaea0824a341d55b1684f2
  depends:
  - __glibc >=2.17,<3.0.a0
  - libgcc >=13
  - libstdcxx >=13
  - libxml2 >=2.13.4,<2.14.0a0
  license: BSD-3-Clause
  license_family: BSD
  size: 2423200
  timestamp: 1731374922090
- conda: https://conda.anaconda.org/conda-forge/linux-64/libiconv-1.18-h4ce23a2_1.conda
  sha256: 18a4afe14f731bfb9cf388659994263904d20111e42f841e9eea1bb6f91f4ab4
  md5: e796ff8ddc598affdf7c173d6145f087
  depends:
  - __glibc >=2.17,<3.0.a0
  - libgcc >=13
  license: LGPL-2.1-only
  size: 713084
  timestamp: 1740128065462
- conda: https://conda.anaconda.org/conda-forge/linux-64/liblapack-3.9.0-31_h7ac8fdf_openblas.conda
  build_number: 31
  sha256: f583661921456e798aba10972a8abbd9d33571c655c1f66eff450edc9cbefcf3
  md5: 452b98eafe050ecff932f0ec832dd03f
  depends:
  - libblas 3.9.0 31_h59b9bed_openblas
  constrains:
  - libcblas =3.9.0=31*_openblas
  - liblapacke =3.9.0=31*_openblas
  - blas =2.131=openblas
  license: BSD-3-Clause
  license_family: BSD
  size: 16790
  timestamp: 1740087997375
- conda: https://conda.anaconda.org/conda-forge/linux-64/liblzma-5.8.1-hb9d3cd8_0.conda
  sha256: f4f21dfc54b08d462f707b771ecce3fa9bc702a2a05b55654f64154f48b141ef
  md5: 0e87378639676987af32fee53ba32258
  depends:
  - __glibc >=2.17,<3.0.a0
  - libgcc >=13
  license: 0BSD
  size: 112709
  timestamp: 1743771086123
- conda: https://conda.anaconda.org/conda-forge/linux-64/liblzma-devel-5.8.1-hb9d3cd8_0.conda
  sha256: 09738df1c1475cc7d35c4bf1062b8cdd4a110809aa49c240a4131e63609c974e
  md5: 8f456db836b4d3d00d3b6a6cc47009d8
  depends:
  - __glibc >=2.17,<3.0.a0
  - libgcc >=13
  - liblzma 5.8.1 hb9d3cd8_0
  license: 0BSD
  size: 440913
  timestamp: 1743771104004
- conda: https://conda.anaconda.org/conda-forge/linux-64/libnl-3.11.0-hb9d3cd8_0.conda
  sha256: ba7c5d294e3d80f08ac5a39564217702d1a752e352e486210faff794ac5001b4
  md5: db63358239cbe1ff86242406d440e44a
  depends:
  - __glibc >=2.17,<3.0.a0
  - libgcc >=13
  license: LGPL-2.1-or-later
  license_family: LGPL
  size: 741323
  timestamp: 1731846827427
- conda: https://conda.anaconda.org/conda-forge/linux-64/libnsl-2.0.1-hd590300_0.conda
  sha256: 26d77a3bb4dceeedc2a41bd688564fe71bf2d149fdcf117049970bc02ff1add6
  md5: 30fd6e37fe21f86f4bd26d6ee73eeec7
  depends:
  - libgcc-ng >=12
  license: LGPL-2.1-only
  license_family: GPL
  size: 33408
  timestamp: 1697359010159
- conda: https://conda.anaconda.org/conda-forge/linux-64/libopenblas-0.3.29-pthreads_h94d23a6_0.conda
  sha256: cc5389ea254f111ef17a53df75e8e5209ef2ea6117e3f8aced88b5a8e51f11c4
  md5: 0a4d0252248ef9a0f88f2ba8b8a08e12
  depends:
  - __glibc >=2.17,<3.0.a0
  - libgcc >=14
  - libgfortran
  - libgfortran5 >=14.2.0
  constrains:
  - openblas >=0.3.29,<0.3.30.0a0
  license: BSD-3-Clause
  license_family: BSD
  size: 5919288
  timestamp: 1739825731827
- conda: https://conda.anaconda.org/conda-forge/linux-64/libpmix-5.0.7-h658e747_0.conda
  sha256: 1e6feb856173f05e33d38e1a2511b6cedd57923bdc075df56f8ec55b5ea778c0
  md5: 3558a4144b9c3aa9a1a9d9dade845c03
  depends:
  - __glibc >=2.17,<3.0.a0
  - libevent >=2.1.12,<2.1.13.0a0
  - libgcc >=13
  - libhwloc >=2.11.2,<2.11.3.0a0
  - libzlib >=1.3.1,<2.0a0
  license: BSD-3-Clause
  license_family: BSD
  size: 726197
  timestamp: 1742457538149
- conda: https://conda.anaconda.org/conda-forge/linux-64/libsqlite-3.49.1-hee588c1_2.conda
  sha256: a086289bf75c33adc1daed3f1422024504ffb5c3c8b3285c49f025c29708ed16
  md5: 962d6ac93c30b1dfc54c9cccafd1003e
  depends:
  - __glibc >=2.17,<3.0.a0
  - libgcc >=13
  - libzlib >=1.3.1,<2.0a0
  license: Unlicense
  size: 918664
  timestamp: 1742083674731
- conda: https://conda.anaconda.org/conda-forge/linux-64/libstdcxx-14.2.0-h8f9b012_2.conda
  sha256: 8f5bd92e4a24e1d35ba015c5252e8f818898478cb3bc50bd8b12ab54707dc4da
  md5: a78c856b6dc6bf4ea8daeb9beaaa3fb0
  depends:
  - __glibc >=2.17,<3.0.a0
  - libgcc 14.2.0 h767d61c_2
  license: GPL-3.0-only WITH GCC-exception-3.1
  license_family: GPL
  size: 3884556
  timestamp: 1740240685253
- conda: https://conda.anaconda.org/conda-forge/linux-64/libstdcxx-ng-14.2.0-h4852527_2.conda
  sha256: e86f38b007cf97cc2c67cd519f2de12a313c4ee3f5ef11652ad08932a5e34189
  md5: c75da67f045c2627f59e6fcb5f4e3a9b
  depends:
  - libstdcxx 14.2.0 h8f9b012_2
  license: GPL-3.0-only WITH GCC-exception-3.1
  license_family: GPL
  size: 53830
  timestamp: 1740240722530
- conda: https://conda.anaconda.org/conda-forge/linux-64/libsystemd0-257.4-h4e0b6ca_1.conda
  sha256: 5aa2ba63747ad3b6e717f025c9d2ab4bb32c0d366e1ef81669ffa73b1d9af4a2
  md5: 04bcf3055e51f8dde6fab9672fb9fca0
  depends:
  - __glibc >=2.17,<3.0.a0
  - libcap >=2.75,<2.76.0a0
  - libgcc >=13
  - libgcrypt-lib >=1.11.0,<2.0a0
  - liblzma >=5.6.4,<6.0a0
  - lz4-c >=1.10.0,<1.11.0a0
  - zstd >=1.5.7,<1.6.0a0
  license: LGPL-2.1-or-later
  size: 488733
  timestamp: 1741629468703
- conda: https://conda.anaconda.org/conda-forge/linux-64/libudev1-257.4-hbe16f8c_1.conda
  sha256: 56e55a7e7380a980b418c282cb0240b3ac55ab9308800823ff031a9529e2f013
  md5: d6716795cd81476ac2f5465f1b1cde75
  depends:
  - __glibc >=2.17,<3.0.a0
  - libcap >=2.75,<2.76.0a0
  - libgcc >=13
  license: LGPL-2.1-or-later
  size: 144039
  timestamp: 1741629479455
- conda: https://conda.anaconda.org/conda-forge/linux-64/libuuid-2.38.1-h0b41bf4_0.conda
  sha256: 787eb542f055a2b3de553614b25f09eefb0a0931b0c87dbcce6efdfd92f04f18
  md5: 40b61aab5c7ba9ff276c41cfffe6b80b
  depends:
  - libgcc-ng >=12
  license: BSD-3-Clause
  license_family: BSD
  size: 33601
  timestamp: 1680112270483
- conda: https://conda.anaconda.org/conda-forge/linux-64/libxml2-2.13.7-h81593ed_1.conda
  sha256: c4f59563e017eba378ea843be5ebde4b0546c72bbe4c1e43b2b384379e827635
  md5: 0619e8fc4c8025a908ea3a3422d3b775
  depends:
  - __glibc >=2.17,<3.0.a0
  - libgcc >=13
  - libiconv >=1.18,<2.0a0
  - liblzma >=5.8.1,<6.0a0
  - libzlib >=1.3.1,<2.0a0
  constrains:
  - icu <0.0a0
  license: MIT
  license_family: MIT
  size: 691042
  timestamp: 1743794600936
- conda: https://conda.anaconda.org/conda-forge/linux-64/libzlib-1.3.1-hb9d3cd8_2.conda
  sha256: d4bfe88d7cb447768e31650f06257995601f89076080e76df55e3112d4e47dc4
  md5: edb0dca6bc32e4f4789199455a1dbeb8
  depends:
  - __glibc >=2.17,<3.0.a0
  - libgcc >=13
  constrains:
  - zlib 1.3.1 *_2
  license: Zlib
  license_family: Other
  size: 60963
  timestamp: 1727963148474
- conda: https://conda.anaconda.org/conda-forge/linux-64/lz4-c-1.10.0-h5888daf_1.conda
  sha256: 47326f811392a5fd3055f0f773036c392d26fdb32e4d8e7a8197eed951489346
  md5: 9de5350a85c4a20c685259b889aa6393
  depends:
  - __glibc >=2.17,<3.0.a0
  - libgcc >=13
  - libstdcxx >=13
  license: BSD-2-Clause
  license_family: BSD
  size: 167055
  timestamp: 1733741040117
- conda: https://conda.anaconda.org/conda-forge/linux-64/mpi-1.0-openmpi.tar.bz2
  sha256: 54cf44ee2c122bce206f834a825af06e3b14fc4fd58c968ae9329715cc281d1e
  md5: 1dcc49e16749ff79ba2194fa5d4ca5e7
  license: BSD 3-clause
  size: 4204
- conda: https://conda.anaconda.org/conda-forge/linux-64/ncurses-6.5-h2d0b736_3.conda
  sha256: 3fde293232fa3fca98635e1167de6b7c7fda83caf24b9d6c91ec9eefb4f4d586
  md5: 47e340acb35de30501a76c7c799c41d7
  depends:
  - __glibc >=2.17,<3.0.a0
  - libgcc >=13
  license: X11 AND BSD-3-Clause
  size: 891641
  timestamp: 1738195959188
- conda: https://conda.anaconda.org/conda-forge/linux-64/numpy-2.2.5-py310hefbff90_0.conda
  sha256: f0c9f295a58dabdc1ff9ceadd31ab7a6e8d3c903c37f749bfd058afcb0d534ed
  md5: 5526bc875ec897f0d335e38da832b6ee
  depends:
  - __glibc >=2.17,<3.0.a0
  - libblas >=3.9.0,<4.0a0
  - libcblas >=3.9.0,<4.0a0
  - libgcc >=13
  - liblapack >=3.9.0,<4.0a0
  - libstdcxx >=13
  - python >=3.10,<3.11.0a0
  - python_abi 3.10.* *_cp310
  constrains:
  - numpy-base <0a0
  license: BSD-3-Clause
  size: 7963864
  timestamp: 1745119540801
- conda: https://conda.anaconda.org/conda-forge/linux-64/openmpi-5.0.7-hb85ec53_100.conda
  sha256: 48efdbd64f5b5e43a0fd2419bf881aade8df179e2edf7219718b4d800f89fc24
  md5: c7290bd5b2a6b88833f8da31112238cf
  depends:
  - __glibc >=2.17,<3.0.a0
  - libevent >=2.1.12,<2.1.13.0a0
  - libfabric
  - libfabric1 >=1.14.0
  - libgcc
  - libgcc-ng >=12
  - libgfortran
  - libgfortran-ng
  - libgfortran5 >=11.4.0
  - libhwloc >=2.11.2,<2.11.3.0a0
  - libpmix >=5.0.6,<6.0a0
  - libstdcxx
  - libstdcxx-ng >=12
  - libzlib >=1.3.1,<2.0a0
  - mpi 1.0 openmpi
  - ucc >=1.3.0,<2.0a0
  - ucx >=1.18.0,<1.19.0a0
  constrains:
  - cuda-version  >= 11.0
  - __cuda  >= 11.0
  - libprrte ==0.0.0
  license: BSD-3-Clause
  license_family: BSD
  size: 3563967
  timestamp: 1739779781750
- conda: https://conda.anaconda.org/conda-forge/linux-64/openssl-3.5.0-h7b32b05_0.conda
  sha256: 38285d280f84f1755b7c54baf17eccf2e3e696287954ce0adca16546b85ee62c
  md5: bb539841f2a3fde210f387d00ed4bb9d
  depends:
  - __glibc >=2.17,<3.0.a0
  - ca-certificates
  - libgcc >=13
  license: Apache-2.0
  license_family: Apache
  size: 3121673
  timestamp: 1744132167438
- conda: https://conda.anaconda.org/conda-forge/noarch/packaging-25.0-pyh29332c3_1.conda
  sha256: 289861ed0c13a15d7bbb408796af4de72c2fe67e2bcb0de98f4c3fce259d7991
  md5: 58335b26c38bf4a20f399384c33cbcf9
  depends:
  - python >=3.8
  - python
  license: Apache-2.0
  size: 62477
  timestamp: 1745345660407
- conda: https://conda.anaconda.org/conda-forge/noarch/pathspec-0.12.1-pyhd8ed1ab_1.conda
  sha256: 9f64009cdf5b8e529995f18e03665b03f5d07c0b17445b8badef45bde76249ee
  md5: 617f15191456cc6a13db418a275435e5
  depends:
  - python >=3.9
  license: MPL-2.0
  license_family: MOZILLA
  size: 41075
  timestamp: 1733233471940
- conda: https://conda.anaconda.org/conda-forge/noarch/pluggy-1.5.0-pyhd8ed1ab_1.conda
  sha256: 122433fc5318816b8c69283aaf267c73d87aa2d09ce39f64c9805c9a3b264819
  md5: e9dcbce5f45f9ee500e728ae58b605b6
  depends:
  - python >=3.9
  license: MIT
  license_family: MIT
  size: 23595
  timestamp: 1733222855563
- conda: https://conda.anaconda.org/conda-forge/linux-64/python-3.10.12-hd12c33a_0_cpython.conda
  sha256: 05e2a7ce916d259f11979634f770f31027d0a5d18463b094e64a30500f900699
  md5: eb6f1df105f37daedd6dca78523baa75
  depends:
  - bzip2 >=1.0.8,<2.0a0
  - ld_impl_linux-64 >=2.36.1
  - libffi >=3.4,<4.0a0
  - libgcc-ng >=12
  - libnsl >=2.0.0,<2.1.0a0
  - libsqlite >=3.42.0,<4.0a0
  - libuuid >=2.38.1,<3.0a0
  - libzlib >=1.2.13,<2.0.0a0
  - ncurses >=6.4,<7.0a0
  - openssl >=3.1.1,<4.0a0
  - readline >=8.2,<9.0a0
  - tk >=8.6.12,<8.7.0a0
  - tzdata
  - xz >=5.2.6,<6.0a0
  constrains:
  - python_abi 3.10.* *_cp310
  license: Python-2.0
  size: 25543395
  timestamp: 1687561173886
- conda: https://conda.anaconda.org/conda-forge/noarch/python_abi-3.10-7_cp310.conda
  build_number: 7
  sha256: 1316c66889313d9caebcfa5d5e9e6af25f8ba09396fc1bc196a08a3febbbabb8
  md5: 44e871cba2b162368476a84b8d040b6c
  constrains:
  - python 3.10.* *_cpython
  license: BSD-3-Clause
  license_family: BSD
  size: 6974
  timestamp: 1745258864549
- conda: https://conda.anaconda.org/conda-forge/noarch/pytz-2025.2-pyhd8ed1ab_0.conda
  sha256: 8d2a8bf110cc1fc3df6904091dead158ba3e614d8402a83e51ed3a8aa93cdeb0
  md5: bc8e3267d44011051f2eb14d22fb0960
  depends:
  - python >=3.9
  license: MIT
  license_family: MIT
  size: 189015
  timestamp: 1742920947249
- conda: https://conda.anaconda.org/conda-forge/linux-64/rdma-core-57.0-h5888daf_0.conda
  sha256: fbb4599ba969c49d2280c84af196c514c49a3ad1529c693f4b6ac6c705998ec8
  md5: e5be997517f19a365b8b111b888be426
  depends:
  - __glibc >=2.17,<3.0.a0
  - libgcc >=13
  - libnl >=3.11.0,<4.0a0
  - libstdcxx >=13
  - libsystemd0 >=257.4
  - libudev1 >=257.4
  license: Linux-OpenIB
  license_family: BSD
  size: 1238038
  timestamp: 1745325325058
- conda: https://conda.anaconda.org/conda-forge/linux-64/readline-8.2-h8c095d6_2.conda
  sha256: 2d6d0c026902561ed77cd646b5021aef2d4db22e57a5b0178dfc669231e06d2c
  md5: 283b96675859b20a825f8fa30f311446
  depends:
  - libgcc >=13
  - ncurses >=6.5,<7.0a0
  license: GPL-3.0-only
  license_family: GPL
  size: 282480
  timestamp: 1740379431762
- conda: https://conda.anaconda.org/conda-forge/linux-64/scipy-1.15.2-py310h1d65ade_0.conda
  sha256: 4cb98641f870666d365594013701d5691205a0fe81ac3ba7778a23b1cc2caa8e
  md5: 8c29cd33b64b2eb78597fa28b5595c8d
  depends:
  - __glibc >=2.17,<3.0.a0
  - libblas >=3.9.0,<4.0a0
  - libcblas >=3.9.0,<4.0a0
  - libgcc >=13
  - libgfortran
  - libgfortran5 >=13.3.0
  - liblapack >=3.9.0,<4.0a0
  - libstdcxx >=13
  - numpy <2.5
  - numpy >=1.19,<3
  - numpy >=1.23.5
  - python >=3.10,<3.11.0a0
  - python_abi 3.10.* *_cp310
  license: BSD-3-Clause
  license_family: BSD
  size: 16417101
  timestamp: 1739791865060
- conda: https://conda.anaconda.org/conda-forge/linux-64/setuptools-58.5.3-py310hff52083_0.tar.bz2
  sha256: fd4697a6bbd1cb78fef2fdd4e2927f7826f2638f6d4441c4bede368a2a36a548
  md5: db36dc7481a443daba698ca1352397b7
  depends:
  - python >=3.10,<3.11.0a0
  - python_abi 3.10.* *_cp310
  license: MIT
  license_family: MIT
  size: 1080149
  timestamp: 1636091136518
- conda: https://conda.anaconda.org/conda-forge/noarch/setuptools-79.0.0-pyhff2d567_0.conda
  sha256: b0415e169a4b39ebe4fbbbb224a45607dcceb77162761dfd8bb94533a6ff9f97
  md5: 36c8697843eb7573fe3dde0e36193a06
  depends:
  - python >=3.9
  license: MIT
  license_family: MIT
  size: 787746
  timestamp: 1745258095343
- conda: https://conda.anaconda.org/conda-forge/linux-64/tk-8.6.13-noxft_h4845f30_101.conda
  sha256: e0569c9caa68bf476bead1bed3d79650bb080b532c64a4af7d8ca286c08dea4e
  md5: d453b98d9c83e71da0741bb0ff4d76bc
  depends:
  - libgcc-ng >=12
  - libzlib >=1.2.13,<2.0.0a0
  license: TCL
  license_family: BSD
  size: 3318875
  timestamp: 1699202167581
- conda: https://conda.anaconda.org/conda-forge/noarch/tomli-2.2.1-pyhd8ed1ab_1.conda
  sha256: 18636339a79656962723077df9a56c0ac7b8a864329eb8f847ee3d38495b863e
  md5: ac944244f1fed2eb49bae07193ae8215
  depends:
  - python >=3.9
  license: MIT
  license_family: MIT
  size: 19167
  timestamp: 1733256819729
- conda: https://conda.anaconda.org/conda-forge/noarch/trove-classifiers-2025.4.11.15-pyhd8ed1ab_0.conda
  sha256: f9c348a4f74e99befe0c6e69a5868a2b078eb00f8def94c24378499af4d2834b
  md5: cb035e6070d809099f5db5c4b63a5c40
  depends:
  - python >=3.9
  license: Apache-2.0
  license_family: Apache
  size: 19046
  timestamp: 1744392323586
- conda: https://conda.anaconda.org/conda-forge/noarch/tzdata-2025b-h78e105d_0.conda
  sha256: 5aaa366385d716557e365f0a4e9c3fca43ba196872abbbe3d56bb610d131e192
  md5: 4222072737ccff51314b5ece9c7d6f5a
  license: LicenseRef-Public-Domain
  size: 122968
  timestamp: 1742727099393
- conda: https://conda.anaconda.org/conda-forge/linux-64/ucc-1.3.0-had72a48_5.conda
  sha256: 00e6fb9fb1d97c6262a90c8fe829e2172b3fb195bdaccdf99b9d1881f8042ae2
  md5: 8199d82b95e27ec4d15b2516d7f24e71
  depends:
  - __glibc >=2.17,<3.0.a0
  - libgcc >=13
  - ucx >=1.18.0,<1.18.1.0a0
  - ucx >=1.18.0,<1.19.0a0
  constrains:
  - cuda-version >=12,<13.0a0
  - nccl >=2.25.1.1,<3.0a0
  - cuda-cudart
  license: BSD-3-Clause
  license_family: BSD
  size: 8095607
  timestamp: 1741027863607
- conda: https://conda.anaconda.org/conda-forge/linux-64/ucx-1.18.0-hfd9a62f_3.conda
  sha256: bf8db7d60a89249f234ade983628f946348168d0da410e179f77308e1feff49d
  md5: d4990f934812fab0a8cb432b596ab97d
  depends:
  - __glibc >=2.17,<3.0.a0
  - _openmp_mutex >=4.5
  - libgcc
  - libgcc-ng >=12
  - libstdcxx
  - libstdcxx-ng >=12
  - rdma-core >=55.0
  constrains:
  - cudatoolkit
  - cuda-version >=11.2,<12.0a0
  license: BSD-3-Clause
  license_family: BSD
  size: 7497858
  timestamp: 1743622233079
- conda: https://conda.anaconda.org/conda-forge/noarch/wheel-0.45.1-pyhd8ed1ab_1.conda
  sha256: 1b34021e815ff89a4d902d879c3bd2040bc1bd6169b32e9427497fa05c55f1ce
  md5: 75cb7132eb58d97896e173ef12ac9986
  depends:
  - python >=3.9
  license: MIT
  license_family: MIT
  size: 62931
  timestamp: 1733130309598
- conda: https://conda.anaconda.org/conda-forge/linux-64/xz-5.8.1-hbcc6ac9_0.conda
  sha256: 65f32402dc69fb20dc9b6307793405f45b6fd979a55534e1a4f2d39bcabea303
  md5: c9880133bf4750a4c848f8d2c78d498c
  depends:
  - __glibc >=2.17,<3.0.a0
  - libgcc >=13
  - liblzma 5.8.1 hb9d3cd8_0
  - liblzma-devel 5.8.1 hb9d3cd8_0
  - xz-gpl-tools 5.8.1 hbcc6ac9_0
  - xz-tools 5.8.1 hb9d3cd8_0
  license: 0BSD AND LGPL-2.1-or-later AND GPL-2.0-or-later
  size: 23859
  timestamp: 1743771157444
- conda: https://conda.anaconda.org/conda-forge/linux-64/xz-gpl-tools-5.8.1-hbcc6ac9_0.conda
  sha256: f48787ef798a44d7ef5618427af7881ae0229a930810963c43acc5444abe2437
  md5: 9177ea2e6886b8070012e1d68531ab2f
  depends:
  - __glibc >=2.17,<3.0.a0
  - libgcc >=13
  - liblzma 5.8.1 hb9d3cd8_0
  license: 0BSD AND LGPL-2.1-or-later AND GPL-2.0-or-later
  size: 33622
  timestamp: 1743771139491
- conda: https://conda.anaconda.org/conda-forge/linux-64/xz-tools-5.8.1-hb9d3cd8_0.conda
  sha256: ec01d8c97f77c80a2bf42050b761e199663a4a35d22fc194c950802589e15e59
  md5: 908d29a6cfd9e9a78d07012f5d1a8707
  depends:
  - __glibc >=2.17,<3.0.a0
  - libgcc >=13
  - liblzma 5.8.1 hb9d3cd8_0
  license: 0BSD AND LGPL-2.1-or-later
  size: 96051
  timestamp: 1743771123306
- conda: https://conda.anaconda.org/conda-forge/noarch/zipp-3.21.0-pyhd8ed1ab_1.conda
  sha256: 567c04f124525c97a096b65769834b7acb047db24b15a56888a322bf3966c3e1
  md5: 0c3cc595284c5e8f0f9900a9b228a332
  depends:
  - python >=3.9
  license: MIT
  license_family: MIT
  size: 21809
  timestamp: 1732827613585
- conda: https://conda.anaconda.org/conda-forge/linux-64/zstd-1.5.7-hb8e6e7a_2.conda
  sha256: a4166e3d8ff4e35932510aaff7aa90772f84b4d07e9f6f83c614cba7ceefe0eb
  md5: 6432cb5d4ac0046c3ac0a8a0f95842f9
  depends:
  - __glibc >=2.17,<3.0.a0
  - libgcc >=13
  - libstdcxx >=13
  - libzlib >=1.3.1,<2.0a0
  license: BSD-3-Clause
  license_family: BSD
  size: 567578
  timestamp: 1742433379869
